
Microsoft Visual Studio Solution File, Format Version 12.00
# Visual Studio Version 16
VisualStudioVersion = 16.0.31005.135
MinimumVisualStudioVersion = 10.0.40219.1
Project("{FAE04EC0-301F-11D3-BF4B-00C04F79EFBC}") = "GameStore", "GameStore\GameStore.csproj", "{67B755F1-6D2A-4ED7-981A-00C0C4A22111}"
EndProject
Global
	GlobalSection(SolutionConfigurationPlatforms) = preSolution
		Debug|Any CPU = Debug|Any CPU
		Release|Any CPU = Release|Any CPU
	EndGlobalSection
	GlobalSection(ProjectConfigurationPlatforms) = postSolution
		{67B755F1-6D2A-4ED7-981A-00C0C4A22111}.Debug|Any CPU.ActiveCfg = Debug|Any CPU
		{67B755F1-6D2A-4ED7-981A-00C0C4A22111}.Debug|Any CPU.Build.0 = Debug|Any CPU
		{67B755F1-6D2A-4ED7-981A-00C0C4A22111}.Release|Any CPU.ActiveCfg = Release|Any CPU
		{67B755F1-6D2A-4ED7-981A-00C0C4A22111}.Release|Any CPU.Build.0 = Release|Any CPU
	EndGlobalSection
	GlobalSection(SolutionProperties) = preSolution
		HideSolutionNode = FALSE
	EndGlobalSection
	GlobalSection(ExtensibilityGlobals) = postSolution
		SolutionGuid = {94BE6056-5B18-4060-BC79-EE0101B3E5B8}
	EndGlobalSection
EndGlobal
